// !$*UTF8*$!
{
	archiveVersion = 1;
	classes = {
	};
	objectVersion = 56;
	objects = {

/* Begin PBXBuildFile section */
		DD0EB5BE2C173161007AAC8B /* FindTourApp.swift in Sources */ = {isa = PBXBuildFile; fileRef = DD0EB5BD2C173161007AAC8B /* FindTourApp.swift */; };
		DD0EB5C02C173161007AAC8B /* ContentView.swift in Sources */ = {isa = PBXBuildFile; fileRef = DD0EB5BF2C173161007AAC8B /* ContentView.swift */; };
		DD0EB5C22C173163007AAC8B /* Assets.xcassets in Resources */ = {isa = PBXBuildFile; fileRef = DD0EB5C12C173163007AAC8B /* Assets.xcassets */; };
		DD0EB5C52C173163007AAC8B /* Preview Assets.xcassets in Resources */ = {isa = PBXBuildFile; fileRef = DD0EB5C42C173163007AAC8B /* Preview Assets.xcassets */; };
		FA0314ED2C177BAD0096616C /* FindTourTests.swift in Sources */ = {isa = PBXBuildFile; fileRef = FA0314EC2C177BAD0096616C /* FindTourTests.swift */; };
		FA0314FA2C177BBC0096616C /* FindTourUITests.swift in Sources */ = {isa = PBXBuildFile; fileRef = FA0314F92C177BBC0096616C /* FindTourUITests.swift */; };
		FA0314FC2C177BBC0096616C /* FindTourUITestsLaunchTests.swift in Sources */ = {isa = PBXBuildFile; fileRef = FA0314FB2C177BBC0096616C /* FindTourUITestsLaunchTests.swift */; };
		FAB1D2242C173CDF00C5A5F7 /* Constants.framework in Frameworks */ = {isa = PBXBuildFile; fileRef = FAB1D2232C173CDF00C5A5F7 /* Constants.framework */; };
		FAB1D2252C173CDF00C5A5F7 /* Constants.framework in Embed Frameworks */ = {isa = PBXBuildFile; fileRef = FAB1D2232C173CDF00C5A5F7 /* Constants.framework */; settings = {ATTRIBUTES = (CodeSignOnCopy, RemoveHeadersOnCopy, ); }; };
/* End PBXBuildFile section */

/* Begin PBXContainerItemProxy section */
		FA0314EE2C177BAD0096616C /* PBXContainerItemProxy */ = {
			isa = PBXContainerItemProxy;
			containerPortal = DD0EB5B22C173160007AAC8B /* Project object */;
			proxyType = 1;
			remoteGlobalIDString = DD0EB5B92C173161007AAC8B;
			remoteInfo = FindTour;
		};
		FA0314FD2C177BBC0096616C /* PBXContainerItemProxy */ = {
			isa = PBXContainerItemProxy;
			containerPortal = DD0EB5B22C173160007AAC8B /* Project object */;
			proxyType = 1;
			remoteGlobalIDString = DD0EB5B92C173161007AAC8B;
			remoteInfo = FindTour;
		};
/* End PBXContainerItemProxy section */

/* Begin PBXCopyFilesBuildPhase section */
		FAB1D2262C173CE000C5A5F7 /* Embed Frameworks */ = {
			isa = PBXCopyFilesBuildPhase;
			buildActionMask = 2147483647;
			dstPath = "";
			dstSubfolderSpec = 10;
			files = (
				FAB1D2252C173CDF00C5A5F7 /* Constants.framework in Embed Frameworks */,
			);
			name = "Embed Frameworks";
			runOnlyForDeploymentPostprocessing = 0;
		};
/* End PBXCopyFilesBuildPhase section */

/* Begin PBXFileReference section */
		DD0EB5BA2C173161007AAC8B /* FindTour.app */ = {isa = PBXFileReference; explicitFileType = wrapper.application; includeInIndex = 0; path = FindTour.app; sourceTree = BUILT_PRODUCTS_DIR; };
		DD0EB5BD2C173161007AAC8B /* FindTourApp.swift */ = {isa = PBXFileReference; lastKnownFileType = sourcecode.swift; path = FindTourApp.swift; sourceTree = "<group>"; };
		DD0EB5BF2C173161007AAC8B /* ContentView.swift */ = {isa = PBXFileReference; lastKnownFileType = sourcecode.swift; path = ContentView.swift; sourceTree = "<group>"; };
		DD0EB5C12C173163007AAC8B /* Assets.xcassets */ = {isa = PBXFileReference; lastKnownFileType = folder.assetcatalog; path = Assets.xcassets; sourceTree = "<group>"; };
		DD0EB5C42C173163007AAC8B /* Preview Assets.xcassets */ = {isa = PBXFileReference; lastKnownFileType = folder.assetcatalog; path = "Preview Assets.xcassets"; sourceTree = "<group>"; };
		FA0314EA2C177BAD0096616C /* FindTourTests.xctest */ = {isa = PBXFileReference; explicitFileType = wrapper.cfbundle; includeInIndex = 0; path = FindTourTests.xctest; sourceTree = BUILT_PRODUCTS_DIR; };
		FA0314EC2C177BAD0096616C /* FindTourTests.swift */ = {isa = PBXFileReference; lastKnownFileType = sourcecode.swift; path = FindTourTests.swift; sourceTree = "<group>"; };
		FA0314F72C177BBC0096616C /* FindTourUITests.xctest */ = {isa = PBXFileReference; explicitFileType = wrapper.cfbundle; includeInIndex = 0; path = FindTourUITests.xctest; sourceTree = BUILT_PRODUCTS_DIR; };
		FA0314F92C177BBC0096616C /* FindTourUITests.swift */ = {isa = PBXFileReference; lastKnownFileType = sourcecode.swift; path = FindTourUITests.swift; sourceTree = "<group>"; };
		FA0314FB2C177BBC0096616C /* FindTourUITestsLaunchTests.swift */ = {isa = PBXFileReference; lastKnownFileType = sourcecode.swift; path = FindTourUITestsLaunchTests.swift; sourceTree = "<group>"; };
		FAB1D2212C173CD400C5A5F7 /* Info.plist */ = {isa = PBXFileReference; lastKnownFileType = text.plist; path = Info.plist; sourceTree = "<group>"; };
		FAB1D2232C173CDF00C5A5F7 /* Constants.framework */ = {isa = PBXFileReference; explicitFileType = wrapper.framework; path = Constants.framework; sourceTree = BUILT_PRODUCTS_DIR; };
/* End PBXFileReference section */

/* Begin PBXFrameworksBuildPhase section */
		DD0EB5B72C173161007AAC8B /* Frameworks */ = {
			isa = PBXFrameworksBuildPhase;
			buildActionMask = 2147483647;
			files = (
				FAB1D2242C173CDF00C5A5F7 /* Constants.framework in Frameworks */,
			);
			runOnlyForDeploymentPostprocessing = 0;
		};
		FA0314E72C177BAD0096616C /* Frameworks */ = {
			isa = PBXFrameworksBuildPhase;
			buildActionMask = 2147483647;
			files = (
			);
			runOnlyForDeploymentPostprocessing = 0;
		};
		FA0314F42C177BBB0096616C /* Frameworks */ = {
			isa = PBXFrameworksBuildPhase;
			buildActionMask = 2147483647;
			files = (
			);
			runOnlyForDeploymentPostprocessing = 0;
		};
/* End PBXFrameworksBuildPhase section */

/* Begin PBXGroup section */
		DD0EB5B12C173160007AAC8B = {
			isa = PBXGroup;
			children = (
				DD0EB5BC2C173161007AAC8B /* FindTour */,
				FA0314EB2C177BAD0096616C /* FindTourTests */,
				FA0314F82C177BBC0096616C /* FindTourUITests */,
				DD0EB5BB2C173161007AAC8B /* Products */,
				FAB1D2222C173CDF00C5A5F7 /* Frameworks */,
			);
			sourceTree = "<group>";
		};
		DD0EB5BB2C173161007AAC8B /* Products */ = {
			isa = PBXGroup;
			children = (
				DD0EB5BA2C173161007AAC8B /* FindTour.app */,
				FA0314EA2C177BAD0096616C /* FindTourTests.xctest */,
				FA0314F72C177BBC0096616C /* FindTourUITests.xctest */,
			);
			name = Products;
			sourceTree = "<group>";
		};
		DD0EB5BC2C173161007AAC8B /* FindTour */ = {
			isa = PBXGroup;
			children = (
				FAB1D2212C173CD400C5A5F7 /* Info.plist */,
				DD0EB5E82C17325D007AAC8B /* Application */,
				DD0EB5BF2C173161007AAC8B /* ContentView.swift */,
				DD0EB5E72C173224007AAC8B /* Supporting files */,
				DD0EB5C32C173163007AAC8B /* Preview Content */,
			);
			path = FindTour;
			sourceTree = "<group>";
		};
		DD0EB5C32C173163007AAC8B /* Preview Content */ = {
			isa = PBXGroup;
			children = (
				DD0EB5C42C173163007AAC8B /* Preview Assets.xcassets */,
			);
			path = "Preview Content";
			sourceTree = "<group>";
		};
		DD0EB5E72C173224007AAC8B /* Supporting files */ = {
			isa = PBXGroup;
			children = (
				DD0EB5C12C173163007AAC8B /* Assets.xcassets */,
			);
			path = "Supporting files";
			sourceTree = "<group>";
		};
		DD0EB5E82C17325D007AAC8B /* Application */ = {
			isa = PBXGroup;
			children = (
				DD0EB5BD2C173161007AAC8B /* FindTourApp.swift */,
			);
			path = Application;
			sourceTree = "<group>";
		};
		FA0314EB2C177BAD0096616C /* FindTourTests */ = {
			isa = PBXGroup;
			children = (
				FA0314EC2C177BAD0096616C /* FindTourTests.swift */,
			);
			path = FindTourTests;
			sourceTree = "<group>";
		};
		FA0314F82C177BBC0096616C /* FindTourUITests */ = {
			isa = PBXGroup;
			children = (
				FA0314F92C177BBC0096616C /* FindTourUITests.swift */,
				FA0314FB2C177BBC0096616C /* FindTourUITestsLaunchTests.swift */,
			);
			path = FindTourUITests;
			sourceTree = "<group>";
		};
		FAB1D2222C173CDF00C5A5F7 /* Frameworks */ = {
			isa = PBXGroup;
			children = (
				FAB1D2232C173CDF00C5A5F7 /* Constants.framework */,
			);
			name = Frameworks;
			sourceTree = "<group>";
		};
/* End PBXGroup section */

/* Begin PBXNativeTarget section */
		DD0EB5B92C173161007AAC8B /* FindTour */ = {
			isa = PBXNativeTarget;
			buildConfigurationList = DD0EB5DE2C173163007AAC8B /* Build configuration list for PBXNativeTarget "FindTour" */;
			buildPhases = (
				DD0EB5B62C173161007AAC8B /* Sources */,
				DD0EB5B72C173161007AAC8B /* Frameworks */,
				DD0EB5B82C173161007AAC8B /* Resources */,
				FAB1D2262C173CE000C5A5F7 /* Embed Frameworks */,
			);
			buildRules = (
			);
			dependencies = (
			);
			name = FindTour;
			productName = FindTour;
			productReference = DD0EB5BA2C173161007AAC8B /* FindTour.app */;
			productType = "com.apple.product-type.application";
		};
		FA0314E92C177BAD0096616C /* FindTourTests */ = {
			isa = PBXNativeTarget;
			buildConfigurationList = FA0314F02C177BAD0096616C /* Build configuration list for PBXNativeTarget "FindTourTests" */;
			buildPhases = (
				FA0314E62C177BAD0096616C /* Sources */,
				FA0314E72C177BAD0096616C /* Frameworks */,
				FA0314E82C177BAD0096616C /* Resources */,
			);
			buildRules = (
			);
			dependencies = (
				FA0314EF2C177BAD0096616C /* PBXTargetDependency */,
			);
			name = FindTourTests;
			productName = FindTourTests;
			productReference = FA0314EA2C177BAD0096616C /* FindTourTests.xctest */;
			productType = "com.apple.product-type.bundle.unit-test";
		};
		FA0314F62C177BBB0096616C /* FindTourUITests */ = {
			isa = PBXNativeTarget;
			buildConfigurationList = FA0314FF2C177BBC0096616C /* Build configuration list for PBXNativeTarget "FindTourUITests" */;
			buildPhases = (
				FA0314F32C177BBB0096616C /* Sources */,
				FA0314F42C177BBB0096616C /* Frameworks */,
				FA0314F52C177BBB0096616C /* Resources */,
			);
			buildRules = (
			);
			dependencies = (
				FA0314FE2C177BBC0096616C /* PBXTargetDependency */,
			);
			name = FindTourUITests;
			productName = FindTourUITests;
			productReference = FA0314F72C177BBC0096616C /* FindTourUITests.xctest */;
			productType = "com.apple.product-type.bundle.ui-testing";
		};
/* End PBXNativeTarget section */

/* Begin PBXProject section */
		DD0EB5B22C173160007AAC8B /* Project object */ = {
			isa = PBXProject;
			attributes = {
				BuildIndependentTargetsInParallel = 1;
				LastSwiftUpdateCheck = 1420;
				LastUpgradeCheck = 1540;
				TargetAttributes = {
					DD0EB5B92C173161007AAC8B = {
						CreatedOnToolsVersion = 15.4;
					};
					FA0314E92C177BAD0096616C = {
						CreatedOnToolsVersion = 14.2;
						TestTargetID = DD0EB5B92C173161007AAC8B;
					};
					FA0314F62C177BBB0096616C = {
						CreatedOnToolsVersion = 14.2;
						TestTargetID = DD0EB5B92C173161007AAC8B;
					};
				};
			};
			buildConfigurationList = DD0EB5B52C173160007AAC8B /* Build configuration list for PBXProject "FindTour" */;
			compatibilityVersion = "Xcode 14.0";
			developmentRegion = en;
			hasScannedForEncodings = 0;
			knownRegions = (
				en,
				Base,
			);
			mainGroup = DD0EB5B12C173160007AAC8B;
			productRefGroup = DD0EB5BB2C173161007AAC8B /* Products */;
			projectDirPath = "";
			projectRoot = "";
			targets = (
				DD0EB5B92C173161007AAC8B /* FindTour */,
				FA0314E92C177BAD0096616C /* FindTourTests */,
				FA0314F62C177BBB0096616C /* FindTourUITests */,
			);
		};
/* End PBXProject section */

/* Begin PBXResourcesBuildPhase section */
		DD0EB5B82C173161007AAC8B /* Resources */ = {
			isa = PBXResourcesBuildPhase;
			buildActionMask = 2147483647;
			files = (
				DD0EB5C52C173163007AAC8B /* Preview Assets.xcassets in Resources */,
				DD0EB5C22C173163007AAC8B /* Assets.xcassets in Resources */,
			);
			runOnlyForDeploymentPostprocessing = 0;
		};
		FA0314E82C177BAD0096616C /* Resources */ = {
			isa = PBXResourcesBuildPhase;
			buildActionMask = 2147483647;
			files = (
			);
			runOnlyForDeploymentPostprocessing = 0;
		};
		FA0314F52C177BBB0096616C /* Resources */ = {
			isa = PBXResourcesBuildPhase;
			buildActionMask = 2147483647;
			files = (
			);
			runOnlyForDeploymentPostprocessing = 0;
		};
/* End PBXResourcesBuildPhase section */

/* Begin PBXSourcesBuildPhase section */
		DD0EB5B62C173161007AAC8B /* Sources */ = {
			isa = PBXSourcesBuildPhase;
			buildActionMask = 2147483647;
			files = (
				DD0EB5C02C173161007AAC8B /* ContentView.swift in Sources */,
				DD0EB5BE2C173161007AAC8B /* FindTourApp.swift in Sources */,
			);
			runOnlyForDeploymentPostprocessing = 0;
		};
		FA0314E62C177BAD0096616C /* Sources */ = {
			isa = PBXSourcesBuildPhase;
			buildActionMask = 2147483647;
			files = (
				FA0314ED2C177BAD0096616C /* FindTourTests.swift in Sources */,
			);
			runOnlyForDeploymentPostprocessing = 0;
		};
		FA0314F32C177BBB0096616C /* Sources */ = {
			isa = PBXSourcesBuildPhase;
			buildActionMask = 2147483647;
			files = (
				FA0314FC2C177BBC0096616C /* FindTourUITestsLaunchTests.swift in Sources */,
				FA0314FA2C177BBC0096616C /* FindTourUITests.swift in Sources */,
			);
			runOnlyForDeploymentPostprocessing = 0;
		};
/* End PBXSourcesBuildPhase section */

/* Begin PBXTargetDependency section */
		FA0314EF2C177BAD0096616C /* PBXTargetDependency */ = {
			isa = PBXTargetDependency;
			target = DD0EB5B92C173161007AAC8B /* FindTour */;
			targetProxy = FA0314EE2C177BAD0096616C /* PBXContainerItemProxy */;
		};
		FA0314FE2C177BBC0096616C /* PBXTargetDependency */ = {
			isa = PBXTargetDependency;
			target = DD0EB5B92C173161007AAC8B /* FindTour */;
			targetProxy = FA0314FD2C177BBC0096616C /* PBXContainerItemProxy */;
		};
/* End PBXTargetDependency section */

/* Begin XCBuildConfiguration section */
		DD0EB5DC2C173163007AAC8B /* Debug */ = {
			isa = XCBuildConfiguration;
			buildSettings = {
				ALWAYS_SEARCH_USER_PATHS = NO;
				ASSETCATALOG_COMPILER_GENERATE_SWIFT_ASSET_SYMBOL_EXTENSIONS = YES;
				CLANG_ANALYZER_NONNULL = YES;
				CLANG_ANALYZER_NUMBER_OBJECT_CONVERSION = YES_AGGRESSIVE;
				CLANG_CXX_LANGUAGE_STANDARD = "gnu++20";
				CLANG_ENABLE_MODULES = YES;
				CLANG_ENABLE_OBJC_ARC = YES;
				CLANG_ENABLE_OBJC_WEAK = YES;
				CLANG_WARN_BLOCK_CAPTURE_AUTORELEASING = YES;
				CLANG_WARN_BOOL_CONVERSION = YES;
				CLANG_WARN_COMMA = YES;
				CLANG_WARN_CONSTANT_CONVERSION = YES;
				CLANG_WARN_DEPRECATED_OBJC_IMPLEMENTATIONS = YES;
				CLANG_WARN_DIRECT_OBJC_ISA_USAGE = YES_ERROR;
				CLANG_WARN_DOCUMENTATION_COMMENTS = YES;
				CLANG_WARN_EMPTY_BODY = YES;
				CLANG_WARN_ENUM_CONVERSION = YES;
				CLANG_WARN_INFINITE_RECURSION = YES;
				CLANG_WARN_INT_CONVERSION = YES;
				CLANG_WARN_NON_LITERAL_NULL_CONVERSION = YES;
				CLANG_WARN_OBJC_IMPLICIT_RETAIN_SELF = YES;
				CLANG_WARN_OBJC_LITERAL_CONVERSION = YES;
				CLANG_WARN_OBJC_ROOT_CLASS = YES_ERROR;
				CLANG_WARN_QUOTED_INCLUDE_IN_FRAMEWORK_HEADER = YES;
				CLANG_WARN_RANGE_LOOP_ANALYSIS = YES;
				CLANG_WARN_STRICT_PROTOTYPES = YES;
				CLANG_WARN_SUSPICIOUS_MOVE = YES;
				CLANG_WARN_UNGUARDED_AVAILABILITY = YES_AGGRESSIVE;
				CLANG_WARN_UNREACHABLE_CODE = YES;
				CLANG_WARN__DUPLICATE_METHOD_MATCH = YES;
				COPY_PHASE_STRIP = NO;
				DEBUG_INFORMATION_FORMAT = dwarf;
				ENABLE_STRICT_OBJC_MSGSEND = YES;
				ENABLE_TESTABILITY = YES;
				ENABLE_USER_SCRIPT_SANDBOXING = YES;
				GCC_C_LANGUAGE_STANDARD = gnu17;
				GCC_DYNAMIC_NO_PIC = NO;
				GCC_NO_COMMON_BLOCKS = YES;
				GCC_OPTIMIZATION_LEVEL = 0;
				GCC_PREPROCESSOR_DEFINITIONS = (
					"DEBUG=1",
					"$(inherited)",
				);
				GCC_WARN_64_TO_32_BIT_CONVERSION = YES;
				GCC_WARN_ABOUT_RETURN_TYPE = YES_ERROR;
				GCC_WARN_UNDECLARED_SELECTOR = YES;
				GCC_WARN_UNINITIALIZED_AUTOS = YES_AGGRESSIVE;
				GCC_WARN_UNUSED_FUNCTION = YES;
				GCC_WARN_UNUSED_VARIABLE = YES;
				IPHONEOS_DEPLOYMENT_TARGET = 17.5;
				LOCALIZATION_PREFERS_STRING_CATALOGS = YES;
				MTL_ENABLE_DEBUG_INFO = INCLUDE_SOURCE;
				MTL_FAST_MATH = YES;
				ONLY_ACTIVE_ARCH = YES;
				SDKROOT = iphoneos;
				SWIFT_ACTIVE_COMPILATION_CONDITIONS = "DEBUG $(inherited)";
				SWIFT_OPTIMIZATION_LEVEL = "-Onone";
			};
			name = Debug;
		};
		DD0EB5DD2C173163007AAC8B /* Release */ = {
			isa = XCBuildConfiguration;
			buildSettings = {
				ALWAYS_SEARCH_USER_PATHS = NO;
				ASSETCATALOG_COMPILER_GENERATE_SWIFT_ASSET_SYMBOL_EXTENSIONS = YES;
				CLANG_ANALYZER_NONNULL = YES;
				CLANG_ANALYZER_NUMBER_OBJECT_CONVERSION = YES_AGGRESSIVE;
				CLANG_CXX_LANGUAGE_STANDARD = "gnu++20";
				CLANG_ENABLE_MODULES = YES;
				CLANG_ENABLE_OBJC_ARC = YES;
				CLANG_ENABLE_OBJC_WEAK = YES;
				CLANG_WARN_BLOCK_CAPTURE_AUTORELEASING = YES;
				CLANG_WARN_BOOL_CONVERSION = YES;
				CLANG_WARN_COMMA = YES;
				CLANG_WARN_CONSTANT_CONVERSION = YES;
				CLANG_WARN_DEPRECATED_OBJC_IMPLEMENTATIONS = YES;
				CLANG_WARN_DIRECT_OBJC_ISA_USAGE = YES_ERROR;
				CLANG_WARN_DOCUMENTATION_COMMENTS = YES;
				CLANG_WARN_EMPTY_BODY = YES;
				CLANG_WARN_ENUM_CONVERSION = YES;
				CLANG_WARN_INFINITE_RECURSION = YES;
				CLANG_WARN_INT_CONVERSION = YES;
				CLANG_WARN_NON_LITERAL_NULL_CONVERSION = YES;
				CLANG_WARN_OBJC_IMPLICIT_RETAIN_SELF = YES;
				CLANG_WARN_OBJC_LITERAL_CONVERSION = YES;
				CLANG_WARN_OBJC_ROOT_CLASS = YES_ERROR;
				CLANG_WARN_QUOTED_INCLUDE_IN_FRAMEWORK_HEADER = YES;
				CLANG_WARN_RANGE_LOOP_ANALYSIS = YES;
				CLANG_WARN_STRICT_PROTOTYPES = YES;
				CLANG_WARN_SUSPICIOUS_MOVE = YES;
				CLANG_WARN_UNGUARDED_AVAILABILITY = YES_AGGRESSIVE;
				CLANG_WARN_UNREACHABLE_CODE = YES;
				CLANG_WARN__DUPLICATE_METHOD_MATCH = YES;
				COPY_PHASE_STRIP = NO;
				DEBUG_INFORMATION_FORMAT = "dwarf-with-dsym";
				ENABLE_NS_ASSERTIONS = NO;
				ENABLE_STRICT_OBJC_MSGSEND = YES;
				ENABLE_USER_SCRIPT_SANDBOXING = YES;
				GCC_C_LANGUAGE_STANDARD = gnu17;
				GCC_NO_COMMON_BLOCKS = YES;
				GCC_WARN_64_TO_32_BIT_CONVERSION = YES;
				GCC_WARN_ABOUT_RETURN_TYPE = YES_ERROR;
				GCC_WARN_UNDECLARED_SELECTOR = YES;
				GCC_WARN_UNINITIALIZED_AUTOS = YES_AGGRESSIVE;
				GCC_WARN_UNUSED_FUNCTION = YES;
				GCC_WARN_UNUSED_VARIABLE = YES;
				IPHONEOS_DEPLOYMENT_TARGET = 17.5;
				LOCALIZATION_PREFERS_STRING_CATALOGS = YES;
				MTL_ENABLE_DEBUG_INFO = NO;
				MTL_FAST_MATH = YES;
				SDKROOT = iphoneos;
				SWIFT_COMPILATION_MODE = wholemodule;
				VALIDATE_PRODUCT = YES;
			};
			name = Release;
		};
		DD0EB5DF2C173163007AAC8B /* Debug */ = {
			isa = XCBuildConfiguration;
			buildSettings = {
				ASSETCATALOG_COMPILER_APPICON_NAME = AppIcon;
				ASSETCATALOG_COMPILER_GLOBAL_ACCENT_COLOR_NAME = AccentColor;
				CODE_SIGN_IDENTITY = "Apple Development";
				CODE_SIGN_STYLE = Automatic;
				CURRENT_PROJECT_VERSION = 1;
				DEVELOPMENT_ASSET_PATHS = "\"FindTour/Preview Content\"";
				DEVELOPMENT_TEAM = "";
				ENABLE_PREVIEWS = YES;
				GENERATE_INFOPLIST_FILE = YES;
				INFOPLIST_FILE = FindTour/Info.plist;
				INFOPLIST_KEY_UIApplicationSceneManifest_Generation = YES;
				INFOPLIST_KEY_UIApplicationSupportsIndirectInputEvents = YES;
				INFOPLIST_KEY_UILaunchScreen_Generation = YES;
				INFOPLIST_KEY_UISupportedInterfaceOrientations = UIInterfaceOrientationPortrait;
				INFOPLIST_KEY_UISupportedInterfaceOrientations_iPad = "UIInterfaceOrientationPortrait UIInterfaceOrientationPortraitUpsideDown";
				IPHONEOS_DEPLOYMENT_TARGET = 16.0;
				LD_RUNPATH_SEARCH_PATHS = (
					"$(inherited)",
					"@executable_path/Frameworks",
				);
				MARKETING_VERSION = 1.0;
				PRODUCT_BUNDLE_IDENTIFIER = ru.deshab.FindTour;
				PRODUCT_NAME = "$(TARGET_NAME)";
				PROVISIONING_PROFILE_SPECIFIER = "";
				SUPPORTED_PLATFORMS = "iphoneos iphonesimulator";
				SUPPORTS_MACCATALYST = NO;
				SUPPORTS_MAC_DESIGNED_FOR_IPHONE_IPAD = NO;
				SUPPORTS_XR_DESIGNED_FOR_IPHONE_IPAD = NO;
				SWIFT_EMIT_LOC_STRINGS = YES;
				SWIFT_VERSION = 5.0;
				TARGETED_DEVICE_FAMILY = 1;
			};
			name = Debug;
		};
		DD0EB5E02C173163007AAC8B /* Release */ = {
			isa = XCBuildConfiguration;
			buildSettings = {
				ASSETCATALOG_COMPILER_APPICON_NAME = AppIcon;
				ASSETCATALOG_COMPILER_GLOBAL_ACCENT_COLOR_NAME = AccentColor;
				CODE_SIGN_IDENTITY = "Apple Development";
				CODE_SIGN_STYLE = Automatic;
				CURRENT_PROJECT_VERSION = 1;
				DEVELOPMENT_ASSET_PATHS = "\"FindTour/Preview Content\"";
				DEVELOPMENT_TEAM = "";
				ENABLE_PREVIEWS = YES;
				GENERATE_INFOPLIST_FILE = YES;
				INFOPLIST_FILE = FindTour/Info.plist;
				INFOPLIST_KEY_UIApplicationSceneManifest_Generation = YES;
				INFOPLIST_KEY_UIApplicationSupportsIndirectInputEvents = YES;
				INFOPLIST_KEY_UILaunchScreen_Generation = YES;
				INFOPLIST_KEY_UISupportedInterfaceOrientations = UIInterfaceOrientationPortrait;
				INFOPLIST_KEY_UISupportedInterfaceOrientations_iPad = "UIInterfaceOrientationPortrait UIInterfaceOrientationPortraitUpsideDown";
				IPHONEOS_DEPLOYMENT_TARGET = 16.0;
				LD_RUNPATH_SEARCH_PATHS = (
					"$(inherited)",
					"@executable_path/Frameworks",
				);
				MARKETING_VERSION = 1.0;
				PRODUCT_BUNDLE_IDENTIFIER = ru.deshab.FindTour;
				PRODUCT_NAME = "$(TARGET_NAME)";
				PROVISIONING_PROFILE_SPECIFIER = "";
				SUPPORTED_PLATFORMS = "iphoneos iphonesimulator";
				SUPPORTS_MACCATALYST = NO;
				SUPPORTS_MAC_DESIGNED_FOR_IPHONE_IPAD = NO;
				SUPPORTS_XR_DESIGNED_FOR_IPHONE_IPAD = NO;
				SWIFT_EMIT_LOC_STRINGS = YES;
				SWIFT_VERSION = 5.0;
				TARGETED_DEVICE_FAMILY = 1;
			};
			name = Release;
		};
		FA0314F12C177BAD0096616C /* Debug */ = {
			isa = XCBuildConfiguration;
			buildSettings = {
				BUNDLE_LOADER = "$(TEST_HOST)";
				CODE_SIGN_STYLE = Automatic;
				CURRENT_PROJECT_VERSION = 1;
				DEVELOPMENT_TEAM = RD328L84B6;
				GCC_C_LANGUAGE_STANDARD = gnu11;
				GENERATE_INFOPLIST_FILE = YES;
				IPHONEOS_DEPLOYMENT_TARGET = 16.2;
				MARKETING_VERSION = 1.0;
				PRODUCT_BUNDLE_IDENTIFIER = ru.planethost.FindTourTests;
				PRODUCT_NAME = "$(TARGET_NAME)";
				SWIFT_ACTIVE_COMPILATION_CONDITIONS = DEBUG;
				SWIFT_EMIT_LOC_STRINGS = NO;
				SWIFT_VERSION = 5.0;
				TARGETED_DEVICE_FAMILY = "1,2";
				TEST_HOST = "$(BUILT_PRODUCTS_DIR)/FindTour.app/$(BUNDLE_EXECUTABLE_FOLDER_PATH)/FindTour";
			};
			name = Debug;
		};
		FA0314F22C177BAD0096616C /* Release */ = {
			isa = XCBuildConfiguration;
			buildSettings = {
				BUNDLE_LOADER = "$(TEST_HOST)";
				CODE_SIGN_STYLE = Automatic;
				CURRENT_PROJECT_VERSION = 1;
				DEVELOPMENT_TEAM = RD328L84B6;
				GCC_C_LANGUAGE_STANDARD = gnu11;
				GENERATE_INFOPLIST_FILE = YES;
				IPHONEOS_DEPLOYMENT_TARGET = 16.2;
				MARKETING_VERSION = 1.0;
				PRODUCT_BUNDLE_IDENTIFIER = ru.planethost.FindTourTests;
				PRODUCT_NAME = "$(TARGET_NAME)";
				SWIFT_EMIT_LOC_STRINGS = NO;
				SWIFT_OPTIMIZATION_LEVEL = "-O";
				SWIFT_VERSION = 5.0;
				TARGETED_DEVICE_FAMILY = "1,2";
				TEST_HOST = "$(BUILT_PRODUCTS_DIR)/FindTour.app/$(BUNDLE_EXECUTABLE_FOLDER_PATH)/FindTour";
			};
			name = Release;
		};
		FA0315002C177BBC0096616C /* Debug */ = {
			isa = XCBuildConfiguration;
			buildSettings = {
				CODE_SIGN_STYLE = Automatic;
				CURRENT_PROJECT_VERSION = 1;
				DEVELOPMENT_TEAM = RD328L84B6;
				GCC_C_LANGUAGE_STANDARD = gnu11;
				GENERATE_INFOPLIST_FILE = YES;
				IPHONEOS_DEPLOYMENT_TARGET = 16.2;
				MARKETING_VERSION = 1.0;
				PRODUCT_BUNDLE_IDENTIFIER = ru.planethost.FindTourUITests;
				PRODUCT_NAME = "$(TARGET_NAME)";
				SWIFT_ACTIVE_COMPILATION_CONDITIONS = DEBUG;
				SWIFT_EMIT_LOC_STRINGS = NO;
				SWIFT_VERSION = 5.0;
				TARGETED_DEVICE_FAMILY = "1,2";
				TEST_TARGET_NAME = FindTour;
			};
			name = Debug;
		};
		FA0315012C177BBC0096616C /* Release */ = {
			isa = XCBuildConfiguration;
			buildSettings = {
				CODE_SIGN_STYLE = Automatic;
				CURRENT_PROJECT_VERSION = 1;
				DEVELOPMENT_TEAM = RD328L84B6;
				GCC_C_LANGUAGE_STANDARD = gnu11;
				GENERATE_INFOPLIST_FILE = YES;
				IPHONEOS_DEPLOYMENT_TARGET = 16.2;
				MARKETING_VERSION = 1.0;
				PRODUCT_BUNDLE_IDENTIFIER = ru.planethost.FindTourUITests;
				PRODUCT_NAME = "$(TARGET_NAME)";
				SWIFT_EMIT_LOC_STRINGS = NO;
				SWIFT_OPTIMIZATION_LEVEL = "-O";
				SWIFT_VERSION = 5.0;
				TARGETED_DEVICE_FAMILY = "1,2";
				TEST_TARGET_NAME = FindTour;
			};
			name = Release;
		};
/* End XCBuildConfiguration section */

/* Begin XCConfigurationList section */
		DD0EB5B52C173160007AAC8B /* Build configuration list for PBXProject "FindTour" */ = {
			isa = XCConfigurationList;
			buildConfigurations = (
				DD0EB5DC2C173163007AAC8B /* Debug */,
				DD0EB5DD2C173163007AAC8B /* Release */,
			);
			defaultConfigurationIsVisible = 0;
			defaultConfigurationName = Release;
		};
		DD0EB5DE2C173163007AAC8B /* Build configuration list for PBXNativeTarget "FindTour" */ = {
			isa = XCConfigurationList;
			buildConfigurations = (
				DD0EB5DF2C173163007AAC8B /* Debug */,
				DD0EB5E02C173163007AAC8B /* Release */,
			);
			defaultConfigurationIsVisible = 0;
			defaultConfigurationName = Release;
		};
		FA0314F02C177BAD0096616C /* Build configuration list for PBXNativeTarget "FindTourTests" */ = {
			isa = XCConfigurationList;
			buildConfigurations = (
				FA0314F12C177BAD0096616C /* Debug */,
				FA0314F22C177BAD0096616C /* Release */,
			);
			defaultConfigurationIsVisible = 0;
			defaultConfigurationName = Release;
		};
		FA0314FF2C177BBC0096616C /* Build configuration list for PBXNativeTarget "FindTourUITests" */ = {
			isa = XCConfigurationList;
			buildConfigurations = (
				FA0315002C177BBC0096616C /* Debug */,
				FA0315012C177BBC0096616C /* Release */,
			);
			defaultConfigurationIsVisible = 0;
			defaultConfigurationName = Release;
		};
/* End XCConfigurationList section */
	};
	rootObject = DD0EB5B22C173160007AAC8B /* Project object */;
}
